
Microsoft Visual Studio Solution File, Format Version 12.00
# Visual Studio Version 16
VisualStudioVersion = 16.0.29613.14
MinimumVisualStudioVersion = 10.0.40219.1
Project("{FAE04EC0-301F-11D3-BF4B-00C04F79EFBC}") = "CarLib", "ClassLibrary1\CarLib.csproj", "{DE1CB38E-810D-4D05-9590-FA8CE817BBA5}"
EndProject
Global
	GlobalSection(SolutionConfigurationPlatforms) = preSolution
		Debug|Any CPU = Debug|Any CPU
		Release|Any CPU = Release|Any CPU
	EndGlobalSection
	GlobalSection(ProjectConfigurationPlatforms) = postSolution
		{DE1CB38E-810D-4D05-9590-FA8CE817BBA5}.Debug|Any CPU.ActiveCfg = Debug|Any CPU
		{DE1CB38E-810D-4D05-9590-FA8CE817BBA5}.Debug|Any CPU.Build.0 = Debug|Any CPU
		{DE1CB38E-810D-4D05-9590-FA8CE817BBA5}.Release|Any CPU.ActiveCfg = Release|Any CPU
		{DE1CB38E-810D-4D05-9590-FA8CE817BBA5}.Release|Any CPU.Build.0 = Release|Any CPU
	EndGlobalSection
	GlobalSection(SolutionProperties) = preSolution
		HideSolutionNode = FALSE
	EndGlobalSection
	GlobalSection(ExtensibilityGlobals) = postSolution
		SolutionGuid = {2C284D72-3D81-4441-A03D-FA632E8D248B}
	EndGlobalSection
EndGlobal
